// !$*UTF8*$!
{
	archiveVersion = 1;
	classes = {
	};
	objectVersion = 56;
	objects = {

/* Begin PBXBuildFile section */
		E95D22A929AD475600D1E682 /* AppDelegate.swift in Sources */ = {isa = PBXBuildFile; fileRef = E95D22A829AD475600D1E682 /* AppDelegate.swift */; };
		E95D22AB29AD475600D1E682 /* SceneDelegate.swift in Sources */ = {isa = PBXBuildFile; fileRef = E95D22AA29AD475600D1E682 /* SceneDelegate.swift */; };
		E95D22B029AD475600D1E682 /* Main.storyboard in Resources */ = {isa = PBXBuildFile; fileRef = E95D22AE29AD475600D1E682 /* Main.storyboard */; };
		E95D22B229AD475600D1E682 /* Assets.xcassets in Resources */ = {isa = PBXBuildFile; fileRef = E95D22B129AD475600D1E682 /* Assets.xcassets */; };
		E95D22B529AD475600D1E682 /* LaunchScreen.storyboard in Resources */ = {isa = PBXBuildFile; fileRef = E95D22B329AD475600D1E682 /* LaunchScreen.storyboard */; };
		E95D22C029AD475700D1E682 /* Course_MaterialsTests.swift in Sources */ = {isa = PBXBuildFile; fileRef = E95D22BF29AD475700D1E682 /* Course_MaterialsTests.swift */; };
		E95D22CA29AD475700D1E682 /* Course_MaterialsUITests.swift in Sources */ = {isa = PBXBuildFile; fileRef = E95D22C929AD475700D1E682 /* Course_MaterialsUITests.swift */; };
		E95D22CC29AD475700D1E682 /* Course_MaterialsUITestsLaunchTests.swift in Sources */ = {isa = PBXBuildFile; fileRef = E95D22CB29AD475700D1E682 /* Course_MaterialsUITestsLaunchTests.swift */; };
		E95D22D929AD477700D1E682 /* LoginViewController.swift in Sources */ = {isa = PBXBuildFile; fileRef = E95D22D829AD477700D1E682 /* LoginViewController.swift */; };
		E95D22E529AE9E1500D1E682 /* AppCoordinator.swift in Sources */ = {isa = PBXBuildFile; fileRef = E95D22E429AE9E1500D1E682 /* AppCoordinator.swift */; };
		E95D22E729AE9F2E00D1E682 /* MovieListViewController.swift in Sources */ = {isa = PBXBuildFile; fileRef = E95D22E629AE9F2E00D1E682 /* MovieListViewController.swift */; };
		E95D22E929AE9F3900D1E682 /* DetailViewController.swift in Sources */ = {isa = PBXBuildFile; fileRef = E95D22E829AE9F3900D1E682 /* DetailViewController.swift */; };
		E95D22EF29AE9FD000D1E682 /* MovieListCell.swift in Sources */ = {isa = PBXBuildFile; fileRef = E95D22ED29AE9FD000D1E682 /* MovieListCell.swift */; };
		E95D22F029AE9FD000D1E682 /* MovieListCell.xib in Resources */ = {isa = PBXBuildFile; fileRef = E95D22EE29AE9FD000D1E682 /* MovieListCell.xib */; };
		E99C59CF29AFD97000173691 /* Movie.swift in Sources */ = {isa = PBXBuildFile; fileRef = E99C59CE29AFD97000173691 /* Movie.swift */; };
		E99C59D129AFD9B400173691 /* MovieListGateway.swift in Sources */ = {isa = PBXBuildFile; fileRef = E99C59D029AFD9B400173691 /* MovieListGateway.swift */; };
		E99C59D429AFD9F700173691 /* Endpoint.swift in Sources */ = {isa = PBXBuildFile; fileRef = E99C59D329AFD9F700173691 /* Endpoint.swift */; };
		E99C59D629AFDA3000173691 /* RequestFactory.swift in Sources */ = {isa = PBXBuildFile; fileRef = E99C59D529AFDA3000173691 /* RequestFactory.swift */; };
		E99C59D929AFDA7000173691 /* NetworkError.swift in Sources */ = {isa = PBXBuildFile; fileRef = E99C59D829AFDA7000173691 /* NetworkError.swift */; };
		E99C59DB29AFDA9500173691 /* HttpMethod.swift in Sources */ = {isa = PBXBuildFile; fileRef = E99C59DA29AFDA9500173691 /* HttpMethod.swift */; };
		E99C59DD29AFDB2200173691 /* MovieListViewModel.swift in Sources */ = {isa = PBXBuildFile; fileRef = E99C59DC29AFDB2200173691 /* MovieListViewModel.swift */; };
		E99C59DF29AFDB7400173691 /* NetworkManager.swift in Sources */ = {isa = PBXBuildFile; fileRef = E99C59DE29AFDB7300173691 /* NetworkManager.swift */; };
		E99C59E129AFDFDD00173691 /* BaseUrlManager.swift in Sources */ = {isa = PBXBuildFile; fileRef = E99C59E029AFDFDD00173691 /* BaseUrlManager.swift */; };
		E99C59E329AFE04100173691 /* MovieResponse.swift in Sources */ = {isa = PBXBuildFile; fileRef = E99C59E229AFE04100173691 /* MovieResponse.swift */; };
		E99C59E529AFE96B00173691 /* LoginViewModel.swift in Sources */ = {isa = PBXBuildFile; fileRef = E99C59E429AFE96B00173691 /* LoginViewModel.swift */; };
		E99C59E729AFE98C00173691 /* LoginGateway.swift in Sources */ = {isa = PBXBuildFile; fileRef = E99C59E629AFE98C00173691 /* LoginGateway.swift */; };
		E99C59E929AFE9FD00173691 /* LoginRequest.swift in Sources */ = {isa = PBXBuildFile; fileRef = E99C59E829AFE9FD00173691 /* LoginRequest.swift */; };
		E99C59EB29AFEAB200173691 /* LoginResponse.swift in Sources */ = {isa = PBXBuildFile; fileRef = E99C59EA29AFEAB200173691 /* LoginResponse.swift */; };
/* End PBXBuildFile section */

/* Begin PBXContainerItemProxy section */
		E95D22BC29AD475700D1E682 /* PBXContainerItemProxy */ = {
			isa = PBXContainerItemProxy;
			containerPortal = E95D229D29AD475600D1E682 /* Project object */;
			proxyType = 1;
			remoteGlobalIDString = E95D22A429AD475600D1E682;
			remoteInfo = "Course Materials";
		};
		E95D22C629AD475700D1E682 /* PBXContainerItemProxy */ = {
			isa = PBXContainerItemProxy;
			containerPortal = E95D229D29AD475600D1E682 /* Project object */;
			proxyType = 1;
			remoteGlobalIDString = E95D22A429AD475600D1E682;
			remoteInfo = "Course Materials";
		};
/* End PBXContainerItemProxy section */

/* Begin PBXFileReference section */
		E95D22A529AD475600D1E682 /* Course Materials.app */ = {isa = PBXFileReference; explicitFileType = wrapper.application; includeInIndex = 0; path = "Course Materials.app"; sourceTree = BUILT_PRODUCTS_DIR; };
		E95D22A829AD475600D1E682 /* AppDelegate.swift */ = {isa = PBXFileReference; lastKnownFileType = sourcecode.swift; path = AppDelegate.swift; sourceTree = "<group>"; };
		E95D22AA29AD475600D1E682 /* SceneDelegate.swift */ = {isa = PBXFileReference; lastKnownFileType = sourcecode.swift; path = SceneDelegate.swift; sourceTree = "<group>"; };
		E95D22AF29AD475600D1E682 /* Base */ = {isa = PBXFileReference; lastKnownFileType = file.storyboard; name = Base; path = Base.lproj/Main.storyboard; sourceTree = "<group>"; };
		E95D22B129AD475600D1E682 /* Assets.xcassets */ = {isa = PBXFileReference; lastKnownFileType = folder.assetcatalog; path = Assets.xcassets; sourceTree = "<group>"; };
		E95D22B429AD475600D1E682 /* Base */ = {isa = PBXFileReference; lastKnownFileType = file.storyboard; name = Base; path = Base.lproj/LaunchScreen.storyboard; sourceTree = "<group>"; };
		E95D22B629AD475600D1E682 /* Info.plist */ = {isa = PBXFileReference; lastKnownFileType = text.plist.xml; path = Info.plist; sourceTree = "<group>"; };
		E95D22BB29AD475700D1E682 /* Course MaterialsTests.xctest */ = {isa = PBXFileReference; explicitFileType = wrapper.cfbundle; includeInIndex = 0; path = "Course MaterialsTests.xctest"; sourceTree = BUILT_PRODUCTS_DIR; };
		E95D22BF29AD475700D1E682 /* Course_MaterialsTests.swift */ = {isa = PBXFileReference; lastKnownFileType = sourcecode.swift; path = Course_MaterialsTests.swift; sourceTree = "<group>"; };
		E95D22C529AD475700D1E682 /* Course MaterialsUITests.xctest */ = {isa = PBXFileReference; explicitFileType = wrapper.cfbundle; includeInIndex = 0; path = "Course MaterialsUITests.xctest"; sourceTree = BUILT_PRODUCTS_DIR; };
		E95D22C929AD475700D1E682 /* Course_MaterialsUITests.swift */ = {isa = PBXFileReference; lastKnownFileType = sourcecode.swift; path = Course_MaterialsUITests.swift; sourceTree = "<group>"; };
		E95D22CB29AD475700D1E682 /* Course_MaterialsUITestsLaunchTests.swift */ = {isa = PBXFileReference; lastKnownFileType = sourcecode.swift; path = Course_MaterialsUITestsLaunchTests.swift; sourceTree = "<group>"; };
		E95D22D829AD477700D1E682 /* LoginViewController.swift */ = {isa = PBXFileReference; lastKnownFileType = sourcecode.swift; path = LoginViewController.swift; sourceTree = "<group>"; };
		E95D22E429AE9E1500D1E682 /* AppCoordinator.swift */ = {isa = PBXFileReference; lastKnownFileType = sourcecode.swift; path = AppCoordinator.swift; sourceTree = "<group>"; };
		E95D22E629AE9F2E00D1E682 /* MovieListViewController.swift */ = {isa = PBXFileReference; lastKnownFileType = sourcecode.swift; path = MovieListViewController.swift; sourceTree = "<group>"; };
		E95D22E829AE9F3900D1E682 /* DetailViewController.swift */ = {isa = PBXFileReference; lastKnownFileType = sourcecode.swift; path = DetailViewController.swift; sourceTree = "<group>"; };
		E95D22ED29AE9FD000D1E682 /* MovieListCell.swift */ = {isa = PBXFileReference; lastKnownFileType = sourcecode.swift; path = MovieListCell.swift; sourceTree = "<group>"; };
		E95D22EE29AE9FD000D1E682 /* MovieListCell.xib */ = {isa = PBXFileReference; lastKnownFileType = file.xib; path = MovieListCell.xib; sourceTree = "<group>"; };
		E99C59CE29AFD97000173691 /* Movie.swift */ = {isa = PBXFileReference; lastKnownFileType = sourcecode.swift; path = Movie.swift; sourceTree = "<group>"; };
		E99C59D029AFD9B400173691 /* MovieListGateway.swift */ = {isa = PBXFileReference; lastKnownFileType = sourcecode.swift; path = MovieListGateway.swift; sourceTree = "<group>"; };
		E99C59D329AFD9F700173691 /* Endpoint.swift */ = {isa = PBXFileReference; lastKnownFileType = sourcecode.swift; path = Endpoint.swift; sourceTree = "<group>"; };
		E99C59D529AFDA3000173691 /* RequestFactory.swift */ = {isa = PBXFileReference; lastKnownFileType = sourcecode.swift; path = RequestFactory.swift; sourceTree = "<group>"; };
		E99C59D829AFDA7000173691 /* NetworkError.swift */ = {isa = PBXFileReference; lastKnownFileType = sourcecode.swift; path = NetworkError.swift; sourceTree = "<group>"; };
		E99C59DA29AFDA9500173691 /* HttpMethod.swift */ = {isa = PBXFileReference; lastKnownFileType = sourcecode.swift; path = HttpMethod.swift; sourceTree = "<group>"; };
		E99C59DC29AFDB2200173691 /* MovieListViewModel.swift */ = {isa = PBXFileReference; lastKnownFileType = sourcecode.swift; path = MovieListViewModel.swift; sourceTree = "<group>"; };
		E99C59DE29AFDB7300173691 /* NetworkManager.swift */ = {isa = PBXFileReference; lastKnownFileType = sourcecode.swift; path = NetworkManager.swift; sourceTree = "<group>"; };
		E99C59E029AFDFDD00173691 /* BaseUrlManager.swift */ = {isa = PBXFileReference; lastKnownFileType = sourcecode.swift; path = BaseUrlManager.swift; sourceTree = "<group>"; };
		E99C59E229AFE04100173691 /* MovieResponse.swift */ = {isa = PBXFileReference; lastKnownFileType = sourcecode.swift; path = MovieResponse.swift; sourceTree = "<group>"; };
		E99C59E429AFE96B00173691 /* LoginViewModel.swift */ = {isa = PBXFileReference; lastKnownFileType = sourcecode.swift; path = LoginViewModel.swift; sourceTree = "<group>"; };
		E99C59E629AFE98C00173691 /* LoginGateway.swift */ = {isa = PBXFileReference; lastKnownFileType = sourcecode.swift; path = LoginGateway.swift; sourceTree = "<group>"; };
		E99C59E829AFE9FD00173691 /* LoginRequest.swift */ = {isa = PBXFileReference; lastKnownFileType = sourcecode.swift; path = LoginRequest.swift; sourceTree = "<group>"; };
		E99C59EA29AFEAB200173691 /* LoginResponse.swift */ = {isa = PBXFileReference; lastKnownFileType = sourcecode.swift; path = LoginResponse.swift; sourceTree = "<group>"; };
/* End PBXFileReference section */

/* Begin PBXFrameworksBuildPhase section */
		E95D22A229AD475600D1E682 /* Frameworks */ = {
			isa = PBXFrameworksBuildPhase;
			buildActionMask = 2147483647;
			files = (
			);
			runOnlyForDeploymentPostprocessing = 0;
		};
		E95D22B829AD475700D1E682 /* Frameworks */ = {
			isa = PBXFrameworksBuildPhase;
			buildActionMask = 2147483647;
			files = (
			);
			runOnlyForDeploymentPostprocessing = 0;
		};
		E95D22C229AD475700D1E682 /* Frameworks */ = {
			isa = PBXFrameworksBuildPhase;
			buildActionMask = 2147483647;
			files = (
			);
			runOnlyForDeploymentPostprocessing = 0;
		};
/* End PBXFrameworksBuildPhase section */

/* Begin PBXGroup section */
		E95D229C29AD475600D1E682 = {
			isa = PBXGroup;
			children = (
				E95D22A729AD475600D1E682 /* Course Materials */,
				E95D22BE29AD475700D1E682 /* Course MaterialsTests */,
				E95D22C829AD475700D1E682 /* Course MaterialsUITests */,
				E95D22A629AD475600D1E682 /* Products */,
			);
			sourceTree = "<group>";
		};
		E95D22A629AD475600D1E682 /* Products */ = {
			isa = PBXGroup;
			children = (
				E95D22A529AD475600D1E682 /* Course Materials.app */,
				E95D22BB29AD475700D1E682 /* Course MaterialsTests.xctest */,
				E95D22C529AD475700D1E682 /* Course MaterialsUITests.xctest */,
			);
			name = Products;
			sourceTree = "<group>";
		};
		E95D22A729AD475600D1E682 /* Course Materials */ = {
			isa = PBXGroup;
			children = (
				E99C59D229AFD9E800173691 /* Network */,
				E99C59CD29AFD96300173691 /* Models */,
				E95D22EC29AE9FB600D1E682 /* Login */,
				E95D22EA29AE9FAE00D1E682 /* List */,
				E95D22EB29AE9FB200D1E682 /* Detail */,
				E95D22A829AD475600D1E682 /* AppDelegate.swift */,
				E95D22AA29AD475600D1E682 /* SceneDelegate.swift */,
				E95D22AE29AD475600D1E682 /* Main.storyboard */,
				E95D22B129AD475600D1E682 /* Assets.xcassets */,
				E95D22B329AD475600D1E682 /* LaunchScreen.storyboard */,
				E95D22B629AD475600D1E682 /* Info.plist */,
				E95D22E429AE9E1500D1E682 /* AppCoordinator.swift */,
			);
			path = "Course Materials";
			sourceTree = "<group>";
		};
		E95D22BE29AD475700D1E682 /* Course MaterialsTests */ = {
			isa = PBXGroup;
			children = (
				E95D22BF29AD475700D1E682 /* Course_MaterialsTests.swift */,
			);
			path = "Course MaterialsTests";
			sourceTree = "<group>";
		};
		E95D22C829AD475700D1E682 /* Course MaterialsUITests */ = {
			isa = PBXGroup;
			children = (
				E95D22C929AD475700D1E682 /* Course_MaterialsUITests.swift */,
				E95D22CB29AD475700D1E682 /* Course_MaterialsUITestsLaunchTests.swift */,
			);
			path = "Course MaterialsUITests";
			sourceTree = "<group>";
		};
		E95D22EA29AE9FAE00D1E682 /* List */ = {
			isa = PBXGroup;
			children = (
				E99C59EF29AFEB2B00173691 /* Gateways */,
				E99C59EE29AFEB2300173691 /* View Models */,
				E99C59ED29AFEB1C00173691 /* Views */,
				E99C59EC29AFEB1700173691 /* View Controllers */,
			);
			path = List;
			sourceTree = "<group>";
		};
		E95D22EB29AE9FB200D1E682 /* Detail */ = {
			isa = PBXGroup;
			children = (
				E95D22E829AE9F3900D1E682 /* DetailViewController.swift */,
			);
			path = Detail;
			sourceTree = "<group>";
		};
		E95D22EC29AE9FB600D1E682 /* Login */ = {
			isa = PBXGroup;
			children = (
				E95D22D829AD477700D1E682 /* LoginViewController.swift */,
				E99C59E429AFE96B00173691 /* LoginViewModel.swift */,
				E99C59E629AFE98C00173691 /* LoginGateway.swift */,
				E99C59E829AFE9FD00173691 /* LoginRequest.swift */,
				E99C59EA29AFEAB200173691 /* LoginResponse.swift */,
			);
			path = Login;
			sourceTree = "<group>";
		};
		E99C59CD29AFD96300173691 /* Models */ = {
			isa = PBXGroup;
			children = (
				E99C59CE29AFD97000173691 /* Movie.swift */,
				E99C59E229AFE04100173691 /* MovieResponse.swift */,
			);
			path = Models;
			sourceTree = "<group>";
		};
		E99C59D229AFD9E800173691 /* Network */ = {
			isa = PBXGroup;
			children = (
				E99C59E029AFDFDD00173691 /* BaseUrlManager.swift */,
				E99C59D329AFD9F700173691 /* Endpoint.swift */,
				E99C59DA29AFDA9500173691 /* HttpMethod.swift */,
				E99C59D829AFDA7000173691 /* NetworkError.swift */,
				E99C59DE29AFDB7300173691 /* NetworkManager.swift */,
				E99C59D529AFDA3000173691 /* RequestFactory.swift */,
			);
			path = Network;
			sourceTree = "<group>";
		};
		E99C59EC29AFEB1700173691 /* View Controllers */ = {
			isa = PBXGroup;
			children = (
				E95D22E629AE9F2E00D1E682 /* MovieListViewController.swift */,
			);
			path = "View Controllers";
			sourceTree = "<group>";
		};
		E99C59ED29AFEB1C00173691 /* Views */ = {
			isa = PBXGroup;
			children = (
				E95D22ED29AE9FD000D1E682 /* MovieListCell.swift */,
				E95D22EE29AE9FD000D1E682 /* MovieListCell.xib */,
			);
			path = Views;
			sourceTree = "<group>";
		};
		E99C59EE29AFEB2300173691 /* View Models */ = {
			isa = PBXGroup;
			children = (
				E99C59DC29AFDB2200173691 /* MovieListViewModel.swift */,
			);
			path = "View Models";
			sourceTree = "<group>";
		};
		E99C59EF29AFEB2B00173691 /* Gateways */ = {
			isa = PBXGroup;
			children = (
				E99C59D029AFD9B400173691 /* MovieListGateway.swift */,
			);
			path = Gateways;
			sourceTree = "<group>";
		};
/* End PBXGroup section */

/* Begin PBXNativeTarget section */
		E95D22A429AD475600D1E682 /* Course Materials */ = {
			isa = PBXNativeTarget;
			buildConfigurationList = E95D22CF29AD475700D1E682 /* Build configuration list for PBXNativeTarget "Course Materials" */;
			buildPhases = (
				E95D22A129AD475600D1E682 /* Sources */,
				E95D22A229AD475600D1E682 /* Frameworks */,
				E95D22A329AD475600D1E682 /* Resources */,
			);
			buildRules = (
			);
			dependencies = (
			);
			name = "Course Materials";
			productName = "Course Materials";
			productReference = E95D22A529AD475600D1E682 /* Course Materials.app */;
			productType = "com.apple.product-type.application";
		};
		E95D22BA29AD475700D1E682 /* Course MaterialsTests */ = {
			isa = PBXNativeTarget;
			buildConfigurationList = E95D22D229AD475700D1E682 /* Build configuration list for PBXNativeTarget "Course MaterialsTests" */;
			buildPhases = (
				E95D22B729AD475700D1E682 /* Sources */,
				E95D22B829AD475700D1E682 /* Frameworks */,
				E95D22B929AD475700D1E682 /* Resources */,
			);
			buildRules = (
			);
			dependencies = (
				E95D22BD29AD475700D1E682 /* PBXTargetDependency */,
			);
			name = "Course MaterialsTests";
			productName = "Course MaterialsTests";
			productReference = E95D22BB29AD475700D1E682 /* Course MaterialsTests.xctest */;
			productType = "com.apple.product-type.bundle.unit-test";
		};
		E95D22C429AD475700D1E682 /* Course MaterialsUITests */ = {
			isa = PBXNativeTarget;
			buildConfigurationList = E95D22D529AD475700D1E682 /* Build configuration list for PBXNativeTarget "Course MaterialsUITests" */;
			buildPhases = (
				E95D22C129AD475700D1E682 /* Sources */,
				E95D22C229AD475700D1E682 /* Frameworks */,
				E95D22C329AD475700D1E682 /* Resources */,
			);
			buildRules = (
			);
			dependencies = (
				E95D22C729AD475700D1E682 /* PBXTargetDependency */,
			);
			name = "Course MaterialsUITests";
			productName = "Course MaterialsUITests";
			productReference = E95D22C529AD475700D1E682 /* Course MaterialsUITests.xctest */;
			productType = "com.apple.product-type.bundle.ui-testing";
		};
/* End PBXNativeTarget section */

/* Begin PBXProject section */
		E95D229D29AD475600D1E682 /* Project object */ = {
			isa = PBXProject;
			attributes = {
				BuildIndependentTargetsInParallel = 1;
				LastSwiftUpdateCheck = 1420;
				LastUpgradeCheck = 1420;
				TargetAttributes = {
					E95D22A429AD475600D1E682 = {
						CreatedOnToolsVersion = 14.2;
					};
					E95D22BA29AD475700D1E682 = {
						CreatedOnToolsVersion = 14.2;
						TestTargetID = E95D22A429AD475600D1E682;
					};
					E95D22C429AD475700D1E682 = {
						CreatedOnToolsVersion = 14.2;
						TestTargetID = E95D22A429AD475600D1E682;
					};
				};
			};
			buildConfigurationList = E95D22A029AD475600D1E682 /* Build configuration list for PBXProject "Course Materials" */;
			compatibilityVersion = "Xcode 14.0";
			developmentRegion = en;
			hasScannedForEncodings = 0;
			knownRegions = (
				en,
				Base,
			);
			mainGroup = E95D229C29AD475600D1E682;
			productRefGroup = E95D22A629AD475600D1E682 /* Products */;
			projectDirPath = "";
			projectRoot = "";
			targets = (
				E95D22A429AD475600D1E682 /* Course Materials */,
				E95D22BA29AD475700D1E682 /* Course MaterialsTests */,
				E95D22C429AD475700D1E682 /* Course MaterialsUITests */,
			);
		};
/* End PBXProject section */

/* Begin PBXResourcesBuildPhase section */
		E95D22A329AD475600D1E682 /* Resources */ = {
			isa = PBXResourcesBuildPhase;
			buildActionMask = 2147483647;
			files = (
				E95D22B529AD475600D1E682 /* LaunchScreen.storyboard in Resources */,
				E95D22F029AE9FD000D1E682 /* MovieListCell.xib in Resources */,
				E95D22B229AD475600D1E682 /* Assets.xcassets in Resources */,
				E95D22B029AD475600D1E682 /* Main.storyboard in Resources */,
			);
			runOnlyForDeploymentPostprocessing = 0;
		};
		E95D22B929AD475700D1E682 /* Resources */ = {
			isa = PBXResourcesBuildPhase;
			buildActionMask = 2147483647;
			files = (
			);
			runOnlyForDeploymentPostprocessing = 0;
		};
		E95D22C329AD475700D1E682 /* Resources */ = {
			isa = PBXResourcesBuildPhase;
			buildActionMask = 2147483647;
			files = (
			);
			runOnlyForDeploymentPostprocessing = 0;
		};
/* End PBXResourcesBuildPhase section */

/* Begin PBXSourcesBuildPhase section */
		E95D22A129AD475600D1E682 /* Sources */ = {
			isa = PBXSourcesBuildPhase;
			buildActionMask = 2147483647;
			files = (
				E99C59D629AFDA3000173691 /* RequestFactory.swift in Sources */,
				E95D22E529AE9E1500D1E682 /* AppCoordinator.swift in Sources */,
				E99C59DB29AFDA9500173691 /* HttpMethod.swift in Sources */,
				E99C59E929AFE9FD00173691 /* LoginRequest.swift in Sources */,
				E99C59DD29AFDB2200173691 /* MovieListViewModel.swift in Sources */,
				E95D22D929AD477700D1E682 /* LoginViewController.swift in Sources */,
				E95D22A929AD475600D1E682 /* AppDelegate.swift in Sources */,
				E99C59E729AFE98C00173691 /* LoginGateway.swift in Sources */,
				E95D22EF29AE9FD000D1E682 /* MovieListCell.swift in Sources */,
				E99C59D429AFD9F700173691 /* Endpoint.swift in Sources */,
				E99C59E529AFE96B00173691 /* LoginViewModel.swift in Sources */,
				E99C59E129AFDFDD00173691 /* BaseUrlManager.swift in Sources */,
				E95D22E929AE9F3900D1E682 /* DetailViewController.swift in Sources */,
				E95D22E729AE9F2E00D1E682 /* MovieListViewController.swift in Sources */,
				E99C59CF29AFD97000173691 /* Movie.swift in Sources */,
				E99C59D929AFDA7000173691 /* NetworkError.swift in Sources */,
				E99C59E329AFE04100173691 /* MovieResponse.swift in Sources */,
				E99C59DF29AFDB7400173691 /* NetworkManager.swift in Sources */,
				E99C59D129AFD9B400173691 /* MovieListGateway.swift in Sources */,
				E95D22AB29AD475600D1E682 /* SceneDelegate.swift in Sources */,
				E99C59EB29AFEAB200173691 /* LoginResponse.swift in Sources */,
			);
			runOnlyForDeploymentPostprocessing = 0;
		};
		E95D22B729AD475700D1E682 /* Sources */ = {
			isa = PBXSourcesBuildPhase;
			buildActionMask = 2147483647;
			files = (
				E95D22C029AD475700D1E682 /* Course_MaterialsTests.swift in Sources */,
			);
			runOnlyForDeploymentPostprocessing = 0;
		};
		E95D22C129AD475700D1E682 /* Sources */ = {
			isa = PBXSourcesBuildPhase;
			buildActionMask = 2147483647;
			files = (
				E95D22CC29AD475700D1E682 /* Course_MaterialsUITestsLaunchTests.swift in Sources */,
				E95D22CA29AD475700D1E682 /* Course_MaterialsUITests.swift in Sources */,
			);
			runOnlyForDeploymentPostprocessing = 0;
		};
/* End PBXSourcesBuildPhase section */

/* Begin PBXTargetDependency section */
		E95D22BD29AD475700D1E682 /* PBXTargetDependency */ = {
			isa = PBXTargetDependency;
			target = E95D22A429AD475600D1E682 /* Course Materials */;
			targetProxy = E95D22BC29AD475700D1E682 /* PBXContainerItemProxy */;
		};
		E95D22C729AD475700D1E682 /* PBXTargetDependency */ = {
			isa = PBXTargetDependency;
			target = E95D22A429AD475600D1E682 /* Course Materials */;
			targetProxy = E95D22C629AD475700D1E682 /* PBXContainerItemProxy */;
		};
/* End PBXTargetDependency section */

/* Begin PBXVariantGroup section */
		E95D22AE29AD475600D1E682 /* Main.storyboard */ = {
			isa = PBXVariantGroup;
			children = (
				E95D22AF29AD475600D1E682 /* Base */,
			);
			name = Main.storyboard;
			sourceTree = "<group>";
		};
		E95D22B329AD475600D1E682 /* LaunchScreen.storyboard */ = {
			isa = PBXVariantGroup;
			children = (
				E95D22B429AD475600D1E682 /* Base */,
			);
			name = LaunchScreen.storyboard;
			sourceTree = "<group>";
		};
/* End PBXVariantGroup section */

/* Begin XCBuildConfiguration section */
		E95D22CD29AD475700D1E682 /* Debug */ = {
			isa = XCBuildConfiguration;
			buildSettings = {
				ALWAYS_SEARCH_USER_PATHS = NO;
				CLANG_ANALYZER_NONNULL = YES;
				CLANG_ANALYZER_NUMBER_OBJECT_CONVERSION = YES_AGGRESSIVE;
				CLANG_CXX_LANGUAGE_STANDARD = "gnu++20";
				CLANG_ENABLE_MODULES = YES;
				CLANG_ENABLE_OBJC_ARC = YES;
				CLANG_ENABLE_OBJC_WEAK = YES;
				CLANG_WARN_BLOCK_CAPTURE_AUTORELEASING = YES;
				CLANG_WARN_BOOL_CONVERSION = YES;
				CLANG_WARN_COMMA = YES;
				CLANG_WARN_CONSTANT_CONVERSION = YES;
				CLANG_WARN_DEPRECATED_OBJC_IMPLEMENTATIONS = YES;
				CLANG_WARN_DIRECT_OBJC_ISA_USAGE = YES_ERROR;
				CLANG_WARN_DOCUMENTATION_COMMENTS = YES;
				CLANG_WARN_EMPTY_BODY = YES;
				CLANG_WARN_ENUM_CONVERSION = YES;
				CLANG_WARN_INFINITE_RECURSION = YES;
				CLANG_WARN_INT_CONVERSION = YES;
				CLANG_WARN_NON_LITERAL_NULL_CONVERSION = YES;
				CLANG_WARN_OBJC_IMPLICIT_RETAIN_SELF = YES;
				CLANG_WARN_OBJC_LITERAL_CONVERSION = YES;
				CLANG_WARN_OBJC_ROOT_CLASS = YES_ERROR;
				CLANG_WARN_QUOTED_INCLUDE_IN_FRAMEWORK_HEADER = YES;
				CLANG_WARN_RANGE_LOOP_ANALYSIS = YES;
				CLANG_WARN_STRICT_PROTOTYPES = YES;
				CLANG_WARN_SUSPICIOUS_MOVE = YES;
				CLANG_WARN_UNGUARDED_AVAILABILITY = YES_AGGRESSIVE;
				CLANG_WARN_UNREACHABLE_CODE = YES;
				CLANG_WARN__DUPLICATE_METHOD_MATCH = YES;
				COPY_PHASE_STRIP = NO;
				DEBUG_INFORMATION_FORMAT = dwarf;
				ENABLE_STRICT_OBJC_MSGSEND = YES;
				ENABLE_TESTABILITY = YES;
				GCC_C_LANGUAGE_STANDARD = gnu11;
				GCC_DYNAMIC_NO_PIC = NO;
				GCC_NO_COMMON_BLOCKS = YES;
				GCC_OPTIMIZATION_LEVEL = 0;
				GCC_PREPROCESSOR_DEFINITIONS = (
					"DEBUG=1",
					"$(inherited)",
				);
				GCC_WARN_64_TO_32_BIT_CONVERSION = YES;
				GCC_WARN_ABOUT_RETURN_TYPE = YES_ERROR;
				GCC_WARN_UNDECLARED_SELECTOR = YES;
				GCC_WARN_UNINITIALIZED_AUTOS = YES_AGGRESSIVE;
				GCC_WARN_UNUSED_FUNCTION = YES;
				GCC_WARN_UNUSED_VARIABLE = YES;
				IPHONEOS_DEPLOYMENT_TARGET = 16.2;
				MTL_ENABLE_DEBUG_INFO = INCLUDE_SOURCE;
				MTL_FAST_MATH = YES;
				ONLY_ACTIVE_ARCH = YES;
				SDKROOT = iphoneos;
				SWIFT_ACTIVE_COMPILATION_CONDITIONS = DEBUG;
				SWIFT_OPTIMIZATION_LEVEL = "-Onone";
			};
			name = Debug;
		};
		E95D22CE29AD475700D1E682 /* Release */ = {
			isa = XCBuildConfiguration;
			buildSettings = {
				ALWAYS_SEARCH_USER_PATHS = NO;
				CLANG_ANALYZER_NONNULL = YES;
				CLANG_ANALYZER_NUMBER_OBJECT_CONVERSION = YES_AGGRESSIVE;
				CLANG_CXX_LANGUAGE_STANDARD = "gnu++20";
				CLANG_ENABLE_MODULES = YES;
				CLANG_ENABLE_OBJC_ARC = YES;
				CLANG_ENABLE_OBJC_WEAK = YES;
				CLANG_WARN_BLOCK_CAPTURE_AUTORELEASING = YES;
				CLANG_WARN_BOOL_CONVERSION = YES;
				CLANG_WARN_COMMA = YES;
				CLANG_WARN_CONSTANT_CONVERSION = YES;
				CLANG_WARN_DEPRECATED_OBJC_IMPLEMENTATIONS = YES;
				CLANG_WARN_DIRECT_OBJC_ISA_USAGE = YES_ERROR;
				CLANG_WARN_DOCUMENTATION_COMMENTS = YES;
				CLANG_WARN_EMPTY_BODY = YES;
				CLANG_WARN_ENUM_CONVERSION = YES;
				CLANG_WARN_INFINITE_RECURSION = YES;
				CLANG_WARN_INT_CONVERSION = YES;
				CLANG_WARN_NON_LITERAL_NULL_CONVERSION = YES;
				CLANG_WARN_OBJC_IMPLICIT_RETAIN_SELF = YES;
				CLANG_WARN_OBJC_LITERAL_CONVERSION = YES;
				CLANG_WARN_OBJC_ROOT_CLASS = YES_ERROR;
				CLANG_WARN_QUOTED_INCLUDE_IN_FRAMEWORK_HEADER = YES;
				CLANG_WARN_RANGE_LOOP_ANALYSIS = YES;
				CLANG_WARN_STRICT_PROTOTYPES = YES;
				CLANG_WARN_SUSPICIOUS_MOVE = YES;
				CLANG_WARN_UNGUARDED_AVAILABILITY = YES_AGGRESSIVE;
				CLANG_WARN_UNREACHABLE_CODE = YES;
				CLANG_WARN__DUPLICATE_METHOD_MATCH = YES;
				COPY_PHASE_STRIP = NO;
				DEBUG_INFORMATION_FORMAT = "dwarf-with-dsym";
				ENABLE_NS_ASSERTIONS = NO;
				ENABLE_STRICT_OBJC_MSGSEND = YES;
				GCC_C_LANGUAGE_STANDARD = gnu11;
				GCC_NO_COMMON_BLOCKS = YES;
				GCC_WARN_64_TO_32_BIT_CONVERSION = YES;
				GCC_WARN_ABOUT_RETURN_TYPE = YES_ERROR;
				GCC_WARN_UNDECLARED_SELECTOR = YES;
				GCC_WARN_UNINITIALIZED_AUTOS = YES_AGGRESSIVE;
				GCC_WARN_UNUSED_FUNCTION = YES;
				GCC_WARN_UNUSED_VARIABLE = YES;
				IPHONEOS_DEPLOYMENT_TARGET = 16.2;
				MTL_ENABLE_DEBUG_INFO = NO;
				MTL_FAST_MATH = YES;
				SDKROOT = iphoneos;
				SWIFT_COMPILATION_MODE = wholemodule;
				SWIFT_OPTIMIZATION_LEVEL = "-O";
				VALIDATE_PRODUCT = YES;
			};
			name = Release;
		};
		E95D22D029AD475700D1E682 /* Debug */ = {
			isa = XCBuildConfiguration;
			buildSettings = {
				ASSETCATALOG_COMPILER_APPICON_NAME = AppIcon;
				ASSETCATALOG_COMPILER_GLOBAL_ACCENT_COLOR_NAME = AccentColor;
				CODE_SIGN_STYLE = Automatic;
				CURRENT_PROJECT_VERSION = 1;
				DEVELOPMENT_TEAM = P3Y29KFBWG;
				GENERATE_INFOPLIST_FILE = YES;
				INFOPLIST_FILE = "Course Materials/Info.plist";
				INFOPLIST_KEY_UIApplicationSupportsIndirectInputEvents = YES;
				INFOPLIST_KEY_UILaunchStoryboardName = LaunchScreen;
				INFOPLIST_KEY_UIMainStoryboardFile = Main;
				INFOPLIST_KEY_UISupportedInterfaceOrientations_iPad = "UIInterfaceOrientationPortrait UIInterfaceOrientationPortraitUpsideDown UIInterfaceOrientationLandscapeLeft UIInterfaceOrientationLandscapeRight";
				INFOPLIST_KEY_UISupportedInterfaceOrientations_iPhone = "UIInterfaceOrientationPortrait UIInterfaceOrientationLandscapeLeft UIInterfaceOrientationLandscapeRight";
				LD_RUNPATH_SEARCH_PATHS = (
					"$(inherited)",
					"@executable_path/Frameworks",
				);
				MARKETING_VERSION = 1.0;
				PRODUCT_BUNDLE_IDENTIFIER = "com.learnuitesting.Course-Materials";
				PRODUCT_NAME = "$(TARGET_NAME)";
				SWIFT_EMIT_LOC_STRINGS = YES;
				SWIFT_VERSION = 5.0;
				TARGETED_DEVICE_FAMILY = "1,2";
			};
			name = Debug;
		};
		E95D22D129AD475700D1E682 /* Release */ = {
			isa = XCBuildConfiguration;
			buildSettings = {
				ASSETCATALOG_COMPILER_APPICON_NAME = AppIcon;
				ASSETCATALOG_COMPILER_GLOBAL_ACCENT_COLOR_NAME = AccentColor;
				CODE_SIGN_STYLE = Automatic;
				CURRENT_PROJECT_VERSION = 1;
				DEVELOPMENT_TEAM = P3Y29KFBWG;
				GENERATE_INFOPLIST_FILE = YES;
				INFOPLIST_FILE = "Course Materials/Info.plist";
				INFOPLIST_KEY_UIApplicationSupportsIndirectInputEvents = YES;
				INFOPLIST_KEY_UILaunchStoryboardName = LaunchScreen;
				INFOPLIST_KEY_UIMainStoryboardFile = Main;
				INFOPLIST_KEY_UISupportedInterfaceOrientations_iPad = "UIInterfaceOrientationPortrait UIInterfaceOrientationPortraitUpsideDown UIInterfaceOrientationLandscapeLeft UIInterfaceOrientationLandscapeRight";
				INFOPLIST_KEY_UISupportedInterfaceOrientations_iPhone = "UIInterfaceOrientationPortrait UIInterfaceOrientationLandscapeLeft UIInterfaceOrientationLandscapeRight";
				LD_RUNPATH_SEARCH_PATHS = (
					"$(inherited)",
					"@executable_path/Frameworks",
				);
				MARKETING_VERSION = 1.0;
				PRODUCT_BUNDLE_IDENTIFIER = "com.learnuitesting.Course-Materials";
				PRODUCT_NAME = "$(TARGET_NAME)";
				SWIFT_EMIT_LOC_STRINGS = YES;
				SWIFT_VERSION = 5.0;
				TARGETED_DEVICE_FAMILY = "1,2";
			};
			name = Release;
		};
		E95D22D329AD475700D1E682 /* Debug */ = {
			isa = XCBuildConfiguration;
			buildSettings = {
				ALWAYS_EMBED_SWIFT_STANDARD_LIBRARIES = YES;
				BUNDLE_LOADER = "$(TEST_HOST)";
				CODE_SIGN_STYLE = Automatic;
				CURRENT_PROJECT_VERSION = 1;
				DEVELOPMENT_TEAM = P3Y29KFBWG;
				GENERATE_INFOPLIST_FILE = YES;
				IPHONEOS_DEPLOYMENT_TARGET = 16.2;
				MARKETING_VERSION = 1.0;
				PRODUCT_BUNDLE_IDENTIFIER = "com.learnuitesting.Course-MaterialsTests";
				PRODUCT_NAME = "$(TARGET_NAME)";
				SWIFT_EMIT_LOC_STRINGS = NO;
				SWIFT_VERSION = 5.0;
				TARGETED_DEVICE_FAMILY = "1,2";
				TEST_HOST = "$(BUILT_PRODUCTS_DIR)/Course Materials.app/$(BUNDLE_EXECUTABLE_FOLDER_PATH)/Course Materials";
			};
			name = Debug;
		};
		E95D22D429AD475700D1E682 /* Release */ = {
			isa = XCBuildConfiguration;
			buildSettings = {
				ALWAYS_EMBED_SWIFT_STANDARD_LIBRARIES = YES;
				BUNDLE_LOADER = "$(TEST_HOST)";
				CODE_SIGN_STYLE = Automatic;
				CURRENT_PROJECT_VERSION = 1;
				DEVELOPMENT_TEAM = P3Y29KFBWG;
				GENERATE_INFOPLIST_FILE = YES;
				IPHONEOS_DEPLOYMENT_TARGET = 16.2;
				MARKETING_VERSION = 1.0;
				PRODUCT_BUNDLE_IDENTIFIER = "com.learnuitesting.Course-MaterialsTests";
				PRODUCT_NAME = "$(TARGET_NAME)";
				SWIFT_EMIT_LOC_STRINGS = NO;
				SWIFT_VERSION = 5.0;
				TARGETED_DEVICE_FAMILY = "1,2";
				TEST_HOST = "$(BUILT_PRODUCTS_DIR)/Course Materials.app/$(BUNDLE_EXECUTABLE_FOLDER_PATH)/Course Materials";
			};
			name = Release;
		};
		E95D22D629AD475700D1E682 /* Debug */ = {
			isa = XCBuildConfiguration;
			buildSettings = {
				ALWAYS_EMBED_SWIFT_STANDARD_LIBRARIES = YES;
				CODE_SIGN_STYLE = Automatic;
				CURRENT_PROJECT_VERSION = 1;
				DEVELOPMENT_TEAM = P3Y29KFBWG;
				GENERATE_INFOPLIST_FILE = YES;
				MARKETING_VERSION = 1.0;
				PRODUCT_BUNDLE_IDENTIFIER = "com.learnuitesting.Course-MaterialsUITests";
				PRODUCT_NAME = "$(TARGET_NAME)";
				SWIFT_EMIT_LOC_STRINGS = NO;
				SWIFT_VERSION = 5.0;
				TARGETED_DEVICE_FAMILY = "1,2";
				TEST_TARGET_NAME = "Course Materials";
			};
			name = Debug;
		};
		E95D22D729AD475700D1E682 /* Release */ = {
			isa = XCBuildConfiguration;
			buildSettings = {
				ALWAYS_EMBED_SWIFT_STANDARD_LIBRARIES = YES;
				CODE_SIGN_STYLE = Automatic;
				CURRENT_PROJECT_VERSION = 1;
				DEVELOPMENT_TEAM = P3Y29KFBWG;
				GENERATE_INFOPLIST_FILE = YES;
				MARKETING_VERSION = 1.0;
				PRODUCT_BUNDLE_IDENTIFIER = "com.learnuitesting.Course-MaterialsUITests";
				PRODUCT_NAME = "$(TARGET_NAME)";
				SWIFT_EMIT_LOC_STRINGS = NO;
				SWIFT_VERSION = 5.0;
				TARGETED_DEVICE_FAMILY = "1,2";
				TEST_TARGET_NAME = "Course Materials";
			};
			name = Release;
		};
/* End XCBuildConfiguration section */

/* Begin XCConfigurationList section */
		E95D22A029AD475600D1E682 /* Build configuration list for PBXProject "Course Materials" */ = {
			isa = XCConfigurationList;
			buildConfigurations = (
				E95D22CD29AD475700D1E682 /* Debug */,
				E95D22CE29AD475700D1E682 /* Release */,
			);
			defaultConfigurationIsVisible = 0;
			defaultConfigurationName = Release;
		};
		E95D22CF29AD475700D1E682 /* Build configuration list for PBXNativeTarget "Course Materials" */ = {
			isa = XCConfigurationList;
			buildConfigurations = (
				E95D22D029AD475700D1E682 /* Debug */,
				E95D22D129AD475700D1E682 /* Release */,
			);
			defaultConfigurationIsVisible = 0;
			defaultConfigurationName = Release;
		};
		E95D22D229AD475700D1E682 /* Build configuration list for PBXNativeTarget "Course MaterialsTests" */ = {
			isa = XCConfigurationList;
			buildConfigurations = (
				E95D22D329AD475700D1E682 /* Debug */,
				E95D22D429AD475700D1E682 /* Release */,
			);
			defaultConfigurationIsVisible = 0;
			defaultConfigurationName = Release;
		};
		E95D22D529AD475700D1E682 /* Build configuration list for PBXNativeTarget "Course MaterialsUITests" */ = {
			isa = XCConfigurationList;
			buildConfigurations = (
				E95D22D629AD475700D1E682 /* Debug */,
				E95D22D729AD475700D1E682 /* Release */,
			);
			defaultConfigurationIsVisible = 0;
			defaultConfigurationName = Release;
		};
/* End XCConfigurationList section */
	};
	rootObject = E95D229D29AD475600D1E682 /* Project object */;
}
